<?xml version="1.0" encoding="utf-8"?>
<Project ToolsVersion="4.0" xmlns="http://schemas.microsoft.com/developer/msbuild/2003">
  <ItemGroup>
    <Filter Include="Исходные файлы">
      <UniqueIdentifier>{4FC737F1-C7A5-4376-A066-2A32D752A2FF}</UniqueIdentifier>
      <Extensions>cpp;c;cc;cxx;def;odl;idl;hpj;bat;asm;asmx</Extensions>
    </Filter>
    <Filter Include="Файлы заголовков">
      <UniqueIdentifier>{93995380-89BD-4b04-88EB-625FBE52EBFB}</UniqueIdentifier>
      <Extensions>h;hh;hpp;hxx;hm;inl;inc;ipp;xsd</Extensions>
    </Filter>
    <Filter Include="Файлы ресурсов">
      <UniqueIdentifier>{67DA6AB6-F800-4c08-8B7A-83BB121AAD01}</UniqueIdentifier>
      <Extensions>rc;ico;cur;bmp;dlg;rc2;rct;bin;rgs;gif;jpg;jpeg;jpe;resx;tiff;tif;png;wav;mfcribbon-ms</Extensions>
    </Filter>
  </ItemGroup>
  <ItemGroup>
    <ClCompile Include="LW5.cpp">
      <Filter>Исходные файлы</Filter>
    </ClCompile>
    <ClCompile Include="field.cpp">
      <Filter>Исходные файлы</Filter>
    </ClCompile>
    <ClCompile Include="game_manager.cpp">
      <Filter>Исходные файлы</Filter>
    </ClCompile>
    <ClCompile Include="include\imgui-master\imgui.cpp">
      <Filter>Исходные файлы</Filter>
    </ClCompile>
    <ClCompile Include="include\imgui-master\imgui_demo.cpp">
      <Filter>Исходные файлы</Filter>
    </ClCompile>
    <ClCompile Include="include\imgui-master\imgui_draw.cpp">
      <Filter>Исходные файлы</Filter>
    </ClCompile>
    <ClCompile Include="include\imgui-master\imgui_widgets.cpp">
      <Filter>Исходные файлы</Filter>
    </ClCompile>
    <ClCompile Include="include\imgui-sfml-master\imgui-SFML.cpp">
      <Filter>Исходные файлы</Filter>
    </ClCompile>
    <ClCompile Include="include\imgui-master\imgui_tables.cpp">
      <Filter>Исходные файлы</Filter>
    </ClCompile>
    <ClCompile Include="tic_tac_toe.cpp">
      <Filter>Исходные файлы</Filter>
    </ClCompile>
    <ClCompile Include="sequence_tests.cpp">
      <Filter>Исходные файлы</Filter>
    </ClCompile>
    <ClCompile Include="tree_tests.cpp">
      <Filter>Исходные файлы</Filter>
    </ClCompile>
    <ClCompile Include="sorted_sequence_tests.cpp">
      <Filter>Исходные файлы</Filter>
    </ClCompile>
    <ClCompile Include="dictionary_tests.cpp">
      <Filter>Исходные файлы</Filter>
    </ClCompile>
  </ItemGroup>
  <ItemGroup>
    <ClInclude Include="binary_tree.h">
      <Filter>Файлы заголовков</Filter>
    </ClInclude>
    <ClInclude Include="collection_interface.h">
      <Filter>Файлы заголовков</Filter>
    </ClInclude>
    <ClInclude Include="array_sequence.h">
      <Filter>Файлы заголовков</Filter>
    </ClInclude>
    <ClInclude Include="dynamic_array.h">
      <Filter>Файлы заголовков</Filter>
    </ClInclude>
    <ClInclude Include="linked_list.h">
      <Filter>Файлы заголовков</Filter>
    </ClInclude>
    <ClInclude Include="list_sequence.h">
      <Filter>Файлы заголовков</Filter>
    </ClInclude>
    <ClInclude Include="sequence.h">
      <Filter>Файлы заголовков</Filter>
    </ClInclude>
    <ClInclude Include="sorted_sequence.h">
      <Filter>Файлы заголовков</Filter>
    </ClInclude>
    <ClInclude Include="dictionary.h">
      <Filter>Файлы заголовков</Filter>
    </ClInclude>
    <ClInclude Include="iterator_interface.h">
      <Filter>Файлы заголовков</Filter>
    </ClInclude>
    <ClInclude Include="game_manager.h">
      <Filter>Файлы заголовков</Filter>
    </ClInclude>
    <ClInclude Include="field.h">
      <Filter>Файлы заголовков</Filter>
    </ClInclude>
    <ClInclude Include="stb_image.h">
      <Filter>Файлы заголовков</Filter>
    </ClInclude>
    <ClInclude Include="tic_tac_toe.h">
      <Filter>Файлы заголовков</Filter>
    </ClInclude>
    <ClInclude Include="tree_tests.h">
      <Filter>Файлы заголовков</Filter>
    </ClInclude>
    <ClInclude Include="sequence_tests.h">
      <Filter>Файлы заголовков</Filter>
    </ClInclude>
    <ClInclude Include="sorted_sequence_tests.h">
      <Filter>Файлы заголовков</Filter>
    </ClInclude>
    <ClInclude Include="dictionary_tests.h">
      <Filter>Файлы заголовков</Filter>
    </ClInclude>
  </ItemGroup>
</Project>